// !$*UTF8*$!
{
	archiveVersion = 1;
	classes = {
	};
	objectVersion = 50;
	objects = {

/* Begin PBXBuildFile section */
		E30019DE2641DFD100C5A859 /* AppDelegate.swift in Sources */ = {isa = PBXBuildFile; fileRef = E30019DD2641DFD100C5A859 /* AppDelegate.swift */; };
		E30019E02641DFD100C5A859 /* SceneDelegate.swift in Sources */ = {isa = PBXBuildFile; fileRef = E30019DF2641DFD100C5A859 /* SceneDelegate.swift */; };
		E30019E22641DFD100C5A859 /* ViewController.swift in Sources */ = {isa = PBXBuildFile; fileRef = E30019E12641DFD100C5A859 /* ViewController.swift */; };
		E30019E52641DFD100C5A859 /* Main.storyboard in Resources */ = {isa = PBXBuildFile; fileRef = E30019E32641DFD100C5A859 /* Main.storyboard */; };
		E30019E72641DFD400C5A859 /* Assets.xcassets in Resources */ = {isa = PBXBuildFile; fileRef = E30019E62641DFD400C5A859 /* Assets.xcassets */; };
		E30019EA2641DFD400C5A859 /* LaunchScreen.storyboard in Resources */ = {isa = PBXBuildFile; fileRef = E30019E82641DFD400C5A859 /* LaunchScreen.storyboard */; };
		E3F94A332641F8CE00A2936C /* UIViewController+Extension.swift in Sources */ = {isa = PBXBuildFile; fileRef = E3F94A212641F8CE00A2936C /* UIViewController+Extension.swift */; };
		E3F94A342641F8CE00A2936C /* DateFormatter+Extension.swift in Sources */ = {isa = PBXBuildFile; fileRef = E3F94A222641F8CE00A2936C /* DateFormatter+Extension.swift */; };
		E3F94A352641F8CE00A2936C /* ASBTransactionAPI.swift in Sources */ = {isa = PBXBuildFile; fileRef = E3F94A252641F8CE00A2936C /* ASBTransactionAPI.swift */; };
		E3F94A362641F8CE00A2936C /* ParameterEncoding.swift in Sources */ = {isa = PBXBuildFile; fileRef = E3F94A272641F8CE00A2936C /* ParameterEncoding.swift */; };
		E3F94A372641F8CE00A2936C /* URLParameterEncoder.swift in Sources */ = {isa = PBXBuildFile; fileRef = E3F94A282641F8CE00A2936C /* URLParameterEncoder.swift */; };
		E3F94A382641F8CE00A2936C /* JSONParameterEncoder.swift in Sources */ = {isa = PBXBuildFile; fileRef = E3F94A292641F8CE00A2936C /* JSONParameterEncoder.swift */; };
		E3F94A3A2641F8CE00A2936C /* NetworkRouter.swift in Sources */ = {isa = PBXBuildFile; fileRef = E3F94A2C2641F8CE00A2936C /* NetworkRouter.swift */; };
		E3F94A3C2641F8CE00A2936C /* Router.swift in Sources */ = {isa = PBXBuildFile; fileRef = E3F94A2E2641F8CE00A2936C /* Router.swift */; };
		E3F94A3D2641F8CE00A2936C /* NetworkLogger.swift in Sources */ = {isa = PBXBuildFile; fileRef = E3F94A2F2641F8CE00A2936C /* NetworkLogger.swift */; };
		E3F94A3F2641F8CE00A2936C /* MultipleBindingValue.swift in Sources */ = {isa = PBXBuildFile; fileRef = E3F94A322641F8CE00A2936C /* MultipleBindingValue.swift */; };
		E3F94A412641F8DC00A2936C /* NetworkManager.swift in Sources */ = {isa = PBXBuildFile; fileRef = E3F94A402641F8DC00A2936C /* NetworkManager.swift */; };
		E3F94A432641F8E400A2936C /* ASBTransactionModel.swift in Sources */ = {isa = PBXBuildFile; fileRef = E3F94A422641F8E400A2936C /* ASBTransactionModel.swift */; };
/* End PBXBuildFile section */

/* Begin PBXFileReference section */
		E30019DA2641DFD100C5A859 /* recuit-ios-DannyHoang.app */ = {isa = PBXFileReference; explicitFileType = wrapper.application; includeInIndex = 0; path = "recuit-ios-DannyHoang.app"; sourceTree = BUILT_PRODUCTS_DIR; };
		E30019DD2641DFD100C5A859 /* AppDelegate.swift */ = {isa = PBXFileReference; lastKnownFileType = sourcecode.swift; path = AppDelegate.swift; sourceTree = "<group>"; };
		E30019DF2641DFD100C5A859 /* SceneDelegate.swift */ = {isa = PBXFileReference; lastKnownFileType = sourcecode.swift; path = SceneDelegate.swift; sourceTree = "<group>"; };
		E30019E12641DFD100C5A859 /* ViewController.swift */ = {isa = PBXFileReference; lastKnownFileType = sourcecode.swift; path = ViewController.swift; sourceTree = "<group>"; };
		E30019E42641DFD100C5A859 /* Base */ = {isa = PBXFileReference; lastKnownFileType = file.storyboard; name = Base; path = Base.lproj/Main.storyboard; sourceTree = "<group>"; };
		E30019E62641DFD400C5A859 /* Assets.xcassets */ = {isa = PBXFileReference; lastKnownFileType = folder.assetcatalog; path = Assets.xcassets; sourceTree = "<group>"; };
		E30019E92641DFD400C5A859 /* Base */ = {isa = PBXFileReference; lastKnownFileType = file.storyboard; name = Base; path = Base.lproj/LaunchScreen.storyboard; sourceTree = "<group>"; };
		E30019EB2641DFD400C5A859 /* Info.plist */ = {isa = PBXFileReference; lastKnownFileType = text.plist.xml; path = Info.plist; sourceTree = "<group>"; };
		E3F94A212641F8CE00A2936C /* UIViewController+Extension.swift */ = {isa = PBXFileReference; fileEncoding = 4; lastKnownFileType = sourcecode.swift; path = "UIViewController+Extension.swift"; sourceTree = "<group>"; };
		E3F94A222641F8CE00A2936C /* DateFormatter+Extension.swift */ = {isa = PBXFileReference; fileEncoding = 4; lastKnownFileType = sourcecode.swift; path = "DateFormatter+Extension.swift"; sourceTree = "<group>"; };
		E3F94A252641F8CE00A2936C /* ASBTransactionAPI.swift */ = {isa = PBXFileReference; fileEncoding = 4; lastKnownFileType = sourcecode.swift; path = ASBTransactionAPI.swift; sourceTree = "<group>"; };
		E3F94A272641F8CE00A2936C /* ParameterEncoding.swift */ = {isa = PBXFileReference; fileEncoding = 4; lastKnownFileType = sourcecode.swift; path = ParameterEncoding.swift; sourceTree = "<group>"; };
		E3F94A282641F8CE00A2936C /* URLParameterEncoder.swift */ = {isa = PBXFileReference; fileEncoding = 4; lastKnownFileType = sourcecode.swift; path = URLParameterEncoder.swift; sourceTree = "<group>"; };
		E3F94A292641F8CE00A2936C /* JSONParameterEncoder.swift */ = {isa = PBXFileReference; fileEncoding = 4; lastKnownFileType = sourcecode.swift; path = JSONParameterEncoder.swift; sourceTree = "<group>"; };
		E3F94A2C2641F8CE00A2936C /* NetworkRouter.swift */ = {isa = PBXFileReference; fileEncoding = 4; lastKnownFileType = sourcecode.swift; path = NetworkRouter.swift; sourceTree = "<group>"; };
		E3F94A2E2641F8CE00A2936C /* Router.swift */ = {isa = PBXFileReference; fileEncoding = 4; lastKnownFileType = sourcecode.swift; path = Router.swift; sourceTree = "<group>"; };
		E3F94A2F2641F8CE00A2936C /* NetworkLogger.swift */ = {isa = PBXFileReference; fileEncoding = 4; lastKnownFileType = sourcecode.swift; path = NetworkLogger.swift; sourceTree = "<group>"; };
		E3F94A322641F8CE00A2936C /* MultipleBindingValue.swift */ = {isa = PBXFileReference; fileEncoding = 4; lastKnownFileType = sourcecode.swift; path = MultipleBindingValue.swift; sourceTree = "<group>"; };
		E3F94A402641F8DC00A2936C /* NetworkManager.swift */ = {isa = PBXFileReference; fileEncoding = 4; lastKnownFileType = sourcecode.swift; path = NetworkManager.swift; sourceTree = "<group>"; };
		E3F94A422641F8E400A2936C /* ASBTransactionModel.swift */ = {isa = PBXFileReference; fileEncoding = 4; lastKnownFileType = sourcecode.swift; path = ASBTransactionModel.swift; sourceTree = "<group>"; };
/* End PBXFileReference section */

/* Begin PBXFrameworksBuildPhase section */
		E30019D72641DFD100C5A859 /* Frameworks */ = {
			isa = PBXFrameworksBuildPhase;
			buildActionMask = 2147483647;
			files = (
			);
			runOnlyForDeploymentPostprocessing = 0;
		};
/* End PBXFrameworksBuildPhase section */

/* Begin PBXGroup section */
		E30019D12641DFD100C5A859 = {
			isa = PBXGroup;
			children = (
				E30019DC2641DFD100C5A859 /* recuit-ios-DannyHoang */,
				E30019DB2641DFD100C5A859 /* Products */,
			);
			sourceTree = "<group>";
		};
		E30019DB2641DFD100C5A859 /* Products */ = {
			isa = PBXGroup;
			children = (
				E30019DA2641DFD100C5A859 /* recuit-ios-DannyHoang.app */,
			);
			name = Products;
			sourceTree = "<group>";
		};
		E30019DC2641DFD100C5A859 /* recuit-ios-DannyHoang */ = {
			isa = PBXGroup;
			children = (
				E30019F12641E01500C5A859 /* Core */,
				E30019F22641E02600C5A859 /* Managers */,
				E30019F62641E05A00C5A859 /* Models */,
				E3F94A532641FA6800A2936C /* ViewModels */,
				E30019F32641E03500C5A859 /* Utils */,
				E30019F52641E05000C5A859 /* Views */,
				E30019DD2641DFD100C5A859 /* AppDelegate.swift */,
				E30019DF2641DFD100C5A859 /* SceneDelegate.swift */,
				E30019E62641DFD400C5A859 /* Assets.xcassets */,
				E30019EB2641DFD400C5A859 /* Info.plist */,
				E30019E82641DFD400C5A859 /* LaunchScreen.storyboard */,
				E30019E32641DFD100C5A859 /* Main.storyboard */,
			);
			path = "recuit-ios-DannyHoang";
			sourceTree = "<group>";
		};
		E30019F12641E01500C5A859 /* Core */ = {
			isa = PBXGroup;
			children = (
				E3F94A312641F8CE00A2936C /* BindingValue */,
				E3F94A202641F8CE00A2936C /* Extensions */,
				E3F94A232641F8CE00A2936C /* Networkings */,
			);
			path = Core;
			sourceTree = "<group>";
		};
		E30019F22641E02600C5A859 /* Managers */ = {
			isa = PBXGroup;
			children = (
				E3F94A402641F8DC00A2936C /* NetworkManager.swift */,
			);
			path = Managers;
			sourceTree = "<group>";
		};
		E30019F32641E03500C5A859 /* Utils */ = {
			isa = PBXGroup;
			children = (
			);
			path = Utils;
			sourceTree = "<group>";
		};
		E30019F52641E05000C5A859 /* Views */ = {
			isa = PBXGroup;
			children = (
				E3F94A4C2641F8F900A2936C /* ViewControllers */,
			);
			path = Views;
			sourceTree = "<group>";
		};
		E30019F62641E05A00C5A859 /* Models */ = {
			isa = PBXGroup;
			children = (
				E3F94A422641F8E400A2936C /* ASBTransactionModel.swift */,
			);
			path = Models;
			sourceTree = "<group>";
		};
		E3F94A202641F8CE00A2936C /* Extensions */ = {
			isa = PBXGroup;
			children = (
				E3F94A212641F8CE00A2936C /* UIViewController+Extension.swift */,
				E3F94A222641F8CE00A2936C /* DateFormatter+Extension.swift */,
			);
			path = Extensions;
			sourceTree = "<group>";
		};
		E3F94A232641F8CE00A2936C /* Networkings */ = {
			isa = PBXGroup;
			children = (
				E3F94A242641F8CE00A2936C /* APIs */,
				E3F94A262641F8CE00A2936C /* Encoding */,
				E3F94A2B2641F8CE00A2936C /* Service */,
			);
			path = Networkings;
			sourceTree = "<group>";
		};
		E3F94A242641F8CE00A2936C /* APIs */ = {
			isa = PBXGroup;
			children = (
				E3F94A252641F8CE00A2936C /* ASBTransactionAPI.swift */,
			);
			path = APIs;
			sourceTree = "<group>";
		};
		E3F94A262641F8CE00A2936C /* Encoding */ = {
			isa = PBXGroup;
			children = (
				E3F94A272641F8CE00A2936C /* ParameterEncoding.swift */,
				E3F94A282641F8CE00A2936C /* URLParameterEncoder.swift */,
				E3F94A292641F8CE00A2936C /* JSONParameterEncoder.swift */,
			);
			path = Encoding;
			sourceTree = "<group>";
		};
		E3F94A2B2641F8CE00A2936C /* Service */ = {
			isa = PBXGroup;
			children = (
				E3F94A2F2641F8CE00A2936C /* NetworkLogger.swift */,
				E3F94A2C2641F8CE00A2936C /* NetworkRouter.swift */,
				E3F94A2E2641F8CE00A2936C /* Router.swift */,
			);
			path = Service;
			sourceTree = "<group>";
		};
		E3F94A312641F8CE00A2936C /* BindingValue */ = {
			isa = PBXGroup;
			children = (
				E3F94A322641F8CE00A2936C /* MultipleBindingValue.swift */,
			);
			path = BindingValue;
			sourceTree = "<group>";
		};
		E3F94A4C2641F8F900A2936C /* ViewControllers */ = {
			isa = PBXGroup;
			children = (
				E30019E12641DFD100C5A859 /* ViewController.swift */,
			);
			path = ViewControllers;
			sourceTree = "<group>";
		};
		E3F94A532641FA6800A2936C /* ViewModels */ = {
			isa = PBXGroup;
			children = (
			);
			path = ViewModels;
			sourceTree = "<group>";
		};
/* End PBXGroup section */

/* Begin PBXNativeTarget section */
		E30019D92641DFD100C5A859 /* recuit-ios-DannyHoang */ = {
			isa = PBXNativeTarget;
			buildConfigurationList = E30019EE2641DFD400C5A859 /* Build configuration list for PBXNativeTarget "recuit-ios-DannyHoang" */;
			buildPhases = (
				E30019D62641DFD100C5A859 /* Sources */,
				E30019D72641DFD100C5A859 /* Frameworks */,
				E30019D82641DFD100C5A859 /* Resources */,
			);
			buildRules = (
			);
			dependencies = (
			);
			name = "recuit-ios-DannyHoang";
			productName = "recuit-ios-DannyHoang";
			productReference = E30019DA2641DFD100C5A859 /* recuit-ios-DannyHoang.app */;
			productType = "com.apple.product-type.application";
		};
/* End PBXNativeTarget section */

/* Begin PBXProject section */
		E30019D22641DFD100C5A859 /* Project object */ = {
			isa = PBXProject;
			attributes = {
				LastSwiftUpdateCheck = 1250;
				LastUpgradeCheck = 1250;
				TargetAttributes = {
					E30019D92641DFD100C5A859 = {
						CreatedOnToolsVersion = 12.5;
					};
				};
			};
			buildConfigurationList = E30019D52641DFD100C5A859 /* Build configuration list for PBXProject "recuit-ios-DannyHoang" */;
			compatibilityVersion = "Xcode 9.3";
			developmentRegion = en;
			hasScannedForEncodings = 0;
			knownRegions = (
				en,
				Base,
			);
			mainGroup = E30019D12641DFD100C5A859;
			productRefGroup = E30019DB2641DFD100C5A859 /* Products */;
			projectDirPath = "";
			projectRoot = "";
			targets = (
				E30019D92641DFD100C5A859 /* recuit-ios-DannyHoang */,
			);
		};
/* End PBXProject section */

/* Begin PBXResourcesBuildPhase section */
		E30019D82641DFD100C5A859 /* Resources */ = {
			isa = PBXResourcesBuildPhase;
			buildActionMask = 2147483647;
			files = (
				E30019EA2641DFD400C5A859 /* LaunchScreen.storyboard in Resources */,
				E30019E72641DFD400C5A859 /* Assets.xcassets in Resources */,
				E30019E52641DFD100C5A859 /* Main.storyboard in Resources */,
			);
			runOnlyForDeploymentPostprocessing = 0;
		};
/* End PBXResourcesBuildPhase section */

/* Begin PBXSourcesBuildPhase section */
		E30019D62641DFD100C5A859 /* Sources */ = {
			isa = PBXSourcesBuildPhase;
			buildActionMask = 2147483647;
			files = (
				E3F94A3D2641F8CE00A2936C /* NetworkLogger.swift in Sources */,
				E3F94A372641F8CE00A2936C /* URLParameterEncoder.swift in Sources */,
				E3F94A3A2641F8CE00A2936C /* NetworkRouter.swift in Sources */,
				E3F94A362641F8CE00A2936C /* ParameterEncoding.swift in Sources */,
				E3F94A332641F8CE00A2936C /* UIViewController+Extension.swift in Sources */,
				E30019E22641DFD100C5A859 /* ViewController.swift in Sources */,
				E30019DE2641DFD100C5A859 /* AppDelegate.swift in Sources */,
				E3F94A432641F8E400A2936C /* ASBTransactionModel.swift in Sources */,
				E3F94A3F2641F8CE00A2936C /* MultipleBindingValue.swift in Sources */,
				E3F94A412641F8DC00A2936C /* NetworkManager.swift in Sources */,
				E3F94A382641F8CE00A2936C /* JSONParameterEncoder.swift in Sources */,
				E3F94A342641F8CE00A2936C /* DateFormatter+Extension.swift in Sources */,
				E3F94A352641F8CE00A2936C /* ASBTransactionAPI.swift in Sources */,
				E30019E02641DFD100C5A859 /* SceneDelegate.swift in Sources */,
				E3F94A3C2641F8CE00A2936C /* Router.swift in Sources */,
			);
			runOnlyForDeploymentPostprocessing = 0;
		};
/* End PBXSourcesBuildPhase section */

/* Begin PBXVariantGroup section */
		E30019E32641DFD100C5A859 /* Main.storyboard */ = {
			isa = PBXVariantGroup;
			children = (
				E30019E42641DFD100C5A859 /* Base */,
			);
			name = Main.storyboard;
			sourceTree = "<group>";
		};
		E30019E82641DFD400C5A859 /* LaunchScreen.storyboard */ = {
			isa = PBXVariantGroup;
			children = (
				E30019E92641DFD400C5A859 /* Base */,
			);
			name = LaunchScreen.storyboard;
			sourceTree = "<group>";
		};
/* End PBXVariantGroup section */

/* Begin XCBuildConfiguration section */
		E30019EC2641DFD400C5A859 /* Debug */ = {
			isa = XCBuildConfiguration;
			buildSettings = {
				ALWAYS_SEARCH_USER_PATHS = NO;
				CLANG_ANALYZER_NONNULL = YES;
				CLANG_ANALYZER_NUMBER_OBJECT_CONVERSION = YES_AGGRESSIVE;
				CLANG_CXX_LANGUAGE_STANDARD = "gnu++14";
				CLANG_CXX_LIBRARY = "libc++";
				CLANG_ENABLE_MODULES = YES;
				CLANG_ENABLE_OBJC_ARC = YES;
				CLANG_ENABLE_OBJC_WEAK = YES;
				CLANG_WARN_BLOCK_CAPTURE_AUTORELEASING = YES;
				CLANG_WARN_BOOL_CONVERSION = YES;
				CLANG_WARN_COMMA = YES;
				CLANG_WARN_CONSTANT_CONVERSION = YES;
				CLANG_WARN_DEPRECATED_OBJC_IMPLEMENTATIONS = YES;
				CLANG_WARN_DIRECT_OBJC_ISA_USAGE = YES_ERROR;
				CLANG_WARN_DOCUMENTATION_COMMENTS = YES;
				CLANG_WARN_EMPTY_BODY = YES;
				CLANG_WARN_ENUM_CONVERSION = YES;
				CLANG_WARN_INFINITE_RECURSION = YES;
				CLANG_WARN_INT_CONVERSION = YES;
				CLANG_WARN_NON_LITERAL_NULL_CONVERSION = YES;
				CLANG_WARN_OBJC_IMPLICIT_RETAIN_SELF = YES;
				CLANG_WARN_OBJC_LITERAL_CONVERSION = YES;
				CLANG_WARN_OBJC_ROOT_CLASS = YES_ERROR;
				CLANG_WARN_QUOTED_INCLUDE_IN_FRAMEWORK_HEADER = YES;
				CLANG_WARN_RANGE_LOOP_ANALYSIS = YES;
				CLANG_WARN_STRICT_PROTOTYPES = YES;
				CLANG_WARN_SUSPICIOUS_MOVE = YES;
				CLANG_WARN_UNGUARDED_AVAILABILITY = YES_AGGRESSIVE;
				CLANG_WARN_UNREACHABLE_CODE = YES;
				CLANG_WARN__DUPLICATE_METHOD_MATCH = YES;
				COPY_PHASE_STRIP = NO;
				DEBUG_INFORMATION_FORMAT = dwarf;
				ENABLE_STRICT_OBJC_MSGSEND = YES;
				ENABLE_TESTABILITY = YES;
				GCC_C_LANGUAGE_STANDARD = gnu11;
				GCC_DYNAMIC_NO_PIC = NO;
				GCC_NO_COMMON_BLOCKS = YES;
				GCC_OPTIMIZATION_LEVEL = 0;
				GCC_PREPROCESSOR_DEFINITIONS = (
					"DEBUG=1",
					"$(inherited)",
				);
				GCC_WARN_64_TO_32_BIT_CONVERSION = YES;
				GCC_WARN_ABOUT_RETURN_TYPE = YES_ERROR;
				GCC_WARN_UNDECLARED_SELECTOR = YES;
				GCC_WARN_UNINITIALIZED_AUTOS = YES_AGGRESSIVE;
				GCC_WARN_UNUSED_FUNCTION = YES;
				GCC_WARN_UNUSED_VARIABLE = YES;
				IPHONEOS_DEPLOYMENT_TARGET = 13.0;
				MTL_ENABLE_DEBUG_INFO = INCLUDE_SOURCE;
				MTL_FAST_MATH = YES;
				ONLY_ACTIVE_ARCH = YES;
				SDKROOT = iphoneos;
				SWIFT_ACTIVE_COMPILATION_CONDITIONS = DEBUG;
				SWIFT_OPTIMIZATION_LEVEL = "-Onone";
			};
			name = Debug;
		};
		E30019ED2641DFD400C5A859 /* Release */ = {
			isa = XCBuildConfiguration;
			buildSettings = {
				ALWAYS_SEARCH_USER_PATHS = NO;
				CLANG_ANALYZER_NONNULL = YES;
				CLANG_ANALYZER_NUMBER_OBJECT_CONVERSION = YES_AGGRESSIVE;
				CLANG_CXX_LANGUAGE_STANDARD = "gnu++14";
				CLANG_CXX_LIBRARY = "libc++";
				CLANG_ENABLE_MODULES = YES;
				CLANG_ENABLE_OBJC_ARC = YES;
				CLANG_ENABLE_OBJC_WEAK = YES;
				CLANG_WARN_BLOCK_CAPTURE_AUTORELEASING = YES;
				CLANG_WARN_BOOL_CONVERSION = YES;
				CLANG_WARN_COMMA = YES;
				CLANG_WARN_CONSTANT_CONVERSION = YES;
				CLANG_WARN_DEPRECATED_OBJC_IMPLEMENTATIONS = YES;
				CLANG_WARN_DIRECT_OBJC_ISA_USAGE = YES_ERROR;
				CLANG_WARN_DOCUMENTATION_COMMENTS = YES;
				CLANG_WARN_EMPTY_BODY = YES;
				CLANG_WARN_ENUM_CONVERSION = YES;
				CLANG_WARN_INFINITE_RECURSION = YES;
				CLANG_WARN_INT_CONVERSION = YES;
				CLANG_WARN_NON_LITERAL_NULL_CONVERSION = YES;
				CLANG_WARN_OBJC_IMPLICIT_RETAIN_SELF = YES;
				CLANG_WARN_OBJC_LITERAL_CONVERSION = YES;
				CLANG_WARN_OBJC_ROOT_CLASS = YES_ERROR;
				CLANG_WARN_QUOTED_INCLUDE_IN_FRAMEWORK_HEADER = YES;
				CLANG_WARN_RANGE_LOOP_ANALYSIS = YES;
				CLANG_WARN_STRICT_PROTOTYPES = YES;
				CLANG_WARN_SUSPICIOUS_MOVE = YES;
				CLANG_WARN_UNGUARDED_AVAILABILITY = YES_AGGRESSIVE;
				CLANG_WARN_UNREACHABLE_CODE = YES;
				CLANG_WARN__DUPLICATE_METHOD_MATCH = YES;
				COPY_PHASE_STRIP = NO;
				DEBUG_INFORMATION_FORMAT = "dwarf-with-dsym";
				ENABLE_NS_ASSERTIONS = NO;
				ENABLE_STRICT_OBJC_MSGSEND = YES;
				GCC_C_LANGUAGE_STANDARD = gnu11;
				GCC_NO_COMMON_BLOCKS = YES;
				GCC_WARN_64_TO_32_BIT_CONVERSION = YES;
				GCC_WARN_ABOUT_RETURN_TYPE = YES_ERROR;
				GCC_WARN_UNDECLARED_SELECTOR = YES;
				GCC_WARN_UNINITIALIZED_AUTOS = YES_AGGRESSIVE;
				GCC_WARN_UNUSED_FUNCTION = YES;
				GCC_WARN_UNUSED_VARIABLE = YES;
				IPHONEOS_DEPLOYMENT_TARGET = 13.0;
				MTL_ENABLE_DEBUG_INFO = NO;
				MTL_FAST_MATH = YES;
				SDKROOT = iphoneos;
				SWIFT_COMPILATION_MODE = wholemodule;
				SWIFT_OPTIMIZATION_LEVEL = "-O";
				VALIDATE_PRODUCT = YES;
			};
			name = Release;
		};
		E30019EF2641DFD400C5A859 /* Debug */ = {
			isa = XCBuildConfiguration;
			buildSettings = {
				ASSETCATALOG_COMPILER_APPICON_NAME = AppIcon;
				ASSETCATALOG_COMPILER_GLOBAL_ACCENT_COLOR_NAME = AccentColor;
				CODE_SIGN_STYLE = Automatic;
				DEVELOPMENT_TEAM = 873LL3LB5K;
				INFOPLIST_FILE = "recuit-ios-DannyHoang/Info.plist";
				LD_RUNPATH_SEARCH_PATHS = (
					"$(inherited)",
					"@executable_path/Frameworks",
				);
				PRODUCT_BUNDLE_IDENTIFIER = "com.dh.recuit-ios-DannyHoang";
				PRODUCT_NAME = "$(TARGET_NAME)";
				SWIFT_VERSION = 5.0;
				TARGETED_DEVICE_FAMILY = "1,2";
			};
			name = Debug;
		};
		E30019F02641DFD400C5A859 /* Release */ = {
			isa = XCBuildConfiguration;
			buildSettings = {
				ASSETCATALOG_COMPILER_APPICON_NAME = AppIcon;
				ASSETCATALOG_COMPILER_GLOBAL_ACCENT_COLOR_NAME = AccentColor;
				CODE_SIGN_STYLE = Automatic;
				DEVELOPMENT_TEAM = 873LL3LB5K;
				INFOPLIST_FILE = "recuit-ios-DannyHoang/Info.plist";
				LD_RUNPATH_SEARCH_PATHS = (
					"$(inherited)",
					"@executable_path/Frameworks",
				);
				PRODUCT_BUNDLE_IDENTIFIER = "com.dh.recuit-ios-DannyHoang";
				PRODUCT_NAME = "$(TARGET_NAME)";
				SWIFT_VERSION = 5.0;
				TARGETED_DEVICE_FAMILY = "1,2";
			};
			name = Release;
		};
/* End XCBuildConfiguration section */

/* Begin XCConfigurationList section */
		E30019D52641DFD100C5A859 /* Build configuration list for PBXProject "recuit-ios-DannyHoang" */ = {
			isa = XCConfigurationList;
			buildConfigurations = (
				E30019EC2641DFD400C5A859 /* Debug */,
				E30019ED2641DFD400C5A859 /* Release */,
			);
			defaultConfigurationIsVisible = 0;
			defaultConfigurationName = Release;
		};
		E30019EE2641DFD400C5A859 /* Build configuration list for PBXNativeTarget "recuit-ios-DannyHoang" */ = {
			isa = XCConfigurationList;
			buildConfigurations = (
				E30019EF2641DFD400C5A859 /* Debug */,
				E30019F02641DFD400C5A859 /* Release */,
			);
			defaultConfigurationIsVisible = 0;
			defaultConfigurationName = Release;
		};
/* End XCConfigurationList section */
	};
	rootObject = E30019D22641DFD100C5A859 /* Project object */;
}
